<?xml version="1.0" encoding="utf-8"?>
<Project ToolsVersion="4.0" xmlns="http://schemas.microsoft.com/developer/msbuild/2003">
  <ItemGroup>
    <Filter Include="Source Files">
      <UniqueIdentifier>{4FC737F1-C7A5-4376-A066-2A32D752A2FF}</UniqueIdentifier>
      <Extensions>cpp;c;cc;cxx;def;odl;idl;hpj;bat;asm;asmx</Extensions>
    </Filter>
    <Filter Include="Header Files">
      <UniqueIdentifier>{93995380-89BD-4b04-88EB-625FBE52EBFB}</UniqueIdentifier>
      <Extensions>h;hpp;hxx;hm;inl;inc;xsd</Extensions>
    </Filter>
    <Filter Include="Resource Files">
      <UniqueIdentifier>{67DA6AB6-F800-4c08-8B7A-83BB121AAD01}</UniqueIdentifier>
      <Extensions>rc;ico;cur;bmp;dlg;rc2;rct;bin;rgs;gif;jpg;jpeg;jpe;resx;tiff;tif;png;wav;mfcribbon-ms</Extensions>
    </Filter>
    <Filter Include="Header Files\Controller">
      <UniqueIdentifier>{1e8bb0ed-a1e0-4843-9ec1-98dfee056d8a}</UniqueIdentifier>
    </Filter>
    <Filter Include="Source Files\Controller">
      <UniqueIdentifier>{0720429e-2980-487d-b045-5893d8e5c237}</UniqueIdentifier>
    </Filter>
    <Filter Include="Header Files\Utilities">
      <UniqueIdentifier>{01e1aeee-e777-472e-88ef-1cdd360b91fb}</UniqueIdentifier>
    </Filter>
    <Filter Include="Source Files\Utilities">
      <UniqueIdentifier>{f08ef139-b336-454e-8511-eb016d1213e7}</UniqueIdentifier>
    </Filter>
  </ItemGroup>
  <ItemGroup>
    <Text Include="ReadMe.txt" />
  </ItemGroup>
  <ItemGroup>
    <ClInclude Include="stdafx.h">
      <Filter>Header Files</Filter>
    </ClInclude>
    <ClInclude Include="targetver.h">
      <Filter>Header Files</Filter>
    </ClInclude>
    <ClInclude Include="CascadeClassifierController.h">
      <Filter>Header Files\Controller</Filter>
    </ClInclude>
    <ClInclude Include="Debug.h">
      <Filter>Header Files\Utilities</Filter>
    </ClInclude>
    <ClInclude Include="KeyboardController.h">
      <Filter>Header Files\Controller</Filter>
    </ClInclude>
    <ClInclude Include="WindowController.h">
      <Filter>Header Files\Controller</Filter>
    </ClInclude>
    <ClInclude Include="VideoController.h">
      <Filter>Header Files\Controller</Filter>
    </ClInclude>
    <ClInclude Include="MouseController.h">
      <Filter>Header Files\Controller</Filter>
    </ClInclude>
    <ClInclude Include="OpticalFlowController.h">
      <Filter>Header Files\Controller</Filter>
    </ClInclude>
    <ClInclude Include="DataCreator.h">
      <Filter>Header Files</Filter>
    </ClInclude>
    <ClInclude Include="RegionOfInterest.h">
      <Filter>Header Files</Filter>
    </ClInclude>
    <ClInclude Include="FileHandler.h">
      <Filter>Header Files</Filter>
    </ClInclude>
  </ItemGroup>
  <ItemGroup>
    <ClCompile Include="stdafx.cpp">
      <Filter>Source Files</Filter>
    </ClCompile>
    <ClCompile Include="GEApp.cpp">
      <Filter>Source Files</Filter>
    </ClCompile>
    <ClCompile Include="CascadeClassifierController.cpp">
      <Filter>Source Files\Controller</Filter>
    </ClCompile>
    <ClCompile Include="Debug.cpp">
      <Filter>Source Files\Utilities</Filter>
    </ClCompile>
    <ClCompile Include="KeyboardController.cpp">
      <Filter>Source Files\Controller</Filter>
    </ClCompile>
    <ClCompile Include="WindowController.cpp">
      <Filter>Source Files\Controller</Filter>
    </ClCompile>
    <ClCompile Include="VideoController.cpp">
      <Filter>Source Files\Controller</Filter>
    </ClCompile>
    <ClCompile Include="OpticalFlowController.cpp">
      <Filter>Source Files\Controller</Filter>
    </ClCompile>
    <ClCompile Include="MouseController.cpp">
      <Filter>Source Files\Controller</Filter>
    </ClCompile>
    <ClCompile Include="DataCreator.cpp">
      <Filter>Source Files</Filter>
    </ClCompile>
    <ClCompile Include="RegionOfInterest.cpp">
      <Filter>Source Files</Filter>
    </ClCompile>
    <ClCompile Include="FileHandler.cpp">
      <Filter>Source Files</Filter>
    </ClCompile>
  </ItemGroup>
</Project>